# This file is generated by running "yarn install" inside your project.
# Manual changes might be lost - proceed with caution!

__metadata:
  version: 8
  cacheKey: 10c0

"@types/node@npm:^24.7.2":
  version: 24.9.2
  resolution: "@types/node@npm:24.9.2"
  dependencies:
    undici-types: "npm:~7.16.0"
  checksum: 10c0/7905d43f65cee72ef475fe76316e10bbf6ac5d08a7f0f6c38f2b6285d7ca3009e8fcafc8f8a1d2bf3f55889c9c278dbb203a9081fd0cf2d6d62161703924c6fa
  languageName: node
  linkType: hard

"activity-summary@workspace:.":
  version: 0.0.0-use.local
  resolution: "activity-summary@workspace:."
  dependencies:
    "@types/node": "npm:^24.7.2"
    twenty-sdk: "npm:0.0.3"
  languageName: unknown
  linkType: soft

"twenty-sdk@npm:0.0.3":
  version: 0.0.3
  resolution: "twenty-sdk@npm:0.0.3"
  checksum: 10c0/0a3c85c27edb22fb50f7eb0da4f9770e85729fce05e9e0118ad0cdfc36e42425c93340a6cd1c276daf30aeeaa612db0cd905831c0a8287a31bff3da5be9b0562
  languageName: node
  linkType: hard

"undici-types@npm:~7.16.0":
  version: 7.16.0
  resolution: "undici-types@npm:7.16.0"
  checksum: 10c0/3033e2f2b5c9f1504bdc5934646cb54e37ecaca0f9249c983f7b1fc2e87c6d18399ebb05dc7fd5419e02b2e915f734d872a65da2e3eeed1813951c427d33cc9a
  languageName: node
  linkType: hard
