{
  "name": "twenty-emails",
  "version": "0.24.2",
  "lockfileVersion": 3,
  "requires": true,
  "packages": {
    "": {
      "name": "twenty-emails",
      "version": "0.24.2",
      "license": "AGPL-3.0",
      "engines": {
        "node": "^18.17.1",
        "npm": "please-use-yarn",
        "yarn": "^4.0.2"
      }
    }
  }
}
