# THIS IS AN AUTOGENERATED FILE. DO NOT EDIT THIS FILE DIRECTLY.
# yarn lockfile v1


react-loading-skeleton@^3.3.1:
  version "3.3.1"
  resolved "https://registry.yarnpkg.com/react-loading-skeleton/-/react-loading-skeleton-3.3.1.tgz#cd6e3a626ee86c76a46c14e2379243f2f8834e1b"
  integrity sha512-NilqqwMh2v9omN7LteiDloEVpFyMIa0VGqF+ukqp0ncVlYu1sKYbYGX9JEl+GtOT9TKsh04zCHAbavnQ2USldA==
