{
  "name": "twenty-e2e-testing",
  "lockfileVersion": 3,
  "requires": true,
  "packages": {
    "": {
      "name": "twenty-e2e-testing",
      "devDependencies": {
        "@playwright/test": "^1.46.0"
      }
    },
    "node_modules/@playwright/test": {
      "version": "1.47.1",
      "resolved": "https://registry.npmjs.org/@playwright/test/-/test-1.47.1.tgz",
      "integrity": "sha512-dbWpcNQZ5nj16m+A5UNScYx7HX5trIy7g4phrcitn+Nk83S32EBX/CLU4hiF4RGKX/yRc93AAqtfaXB7JWBd4Q==",
      "dev": true,
      "dependencies": {
        "playwright": "1.47.1"
      },
      "bin": {
        "playwright": "cli.js"
      },
      "engines": {
        "node": ">=18"
      }
    },
    "node_modules/fsevents": {
      "version": "2.3.2",
      "resolved": "https://registry.npmjs.org/fsevents/-/fsevents-2.3.2.tgz",
      "integrity": "sha512-xiqMQR4xAeHTuB9uWm+fFRcIOgKBMiOBP+eXiyT7jsgVCq1bkVygt00oASowB7EdtpOHaaPgKt812P9ab+DDKA==",
      "dev": true,
      "hasInstallScript": true,
      "optional": true,
      "os": [
        "darwin"
      ],
      "engines": {
        "node": "^8.16.0 || ^10.6.0 || >=11.0.0"
      }
    },
    "node_modules/playwright": {
      "version": "1.47.1",
      "resolved": "https://registry.npmjs.org/playwright/-/playwright-1.47.1.tgz",
      "integrity": "sha512-SUEKi6947IqYbKxRiqnbUobVZY4bF1uu+ZnZNJX9DfU1tlf2UhWfvVjLf01pQx9URsOr18bFVUKXmanYWhbfkw==",
      "dev": true,
      "dependencies": {
        "playwright-core": "1.47.1"
      },
      "bin": {
        "playwright": "cli.js"
      },
      "engines": {
        "node": ">=18"
      },
      "optionalDependencies": {
        "fsevents": "2.3.2"
      }
    },
    "node_modules/playwright-core": {
      "version": "1.47.1",
      "resolved": "https://registry.npmjs.org/playwright-core/-/playwright-core-1.47.1.tgz",
      "integrity": "sha512-i1iyJdLftqtt51mEk6AhYFaAJCDx0xQ/O5NU8EKaWFgMjItPVma542Nh/Aq8aLCjIJSzjaiEQGW/nyqLkGF1OQ==",
      "dev": true,
      "bin": {
        "playwright-core": "cli.js"
      },
      "engines": {
        "node": ">=18"
      }
    }
  }
}
