# This file is generated by running "yarn install" inside your project.
# Manual changes might be lost - proceed with caution!

__metadata:
  version: 8
  cacheKey: 10c0

"@esbuild/aix-ppc64@npm:0.25.12":
  version: 0.25.12
  resolution: "@esbuild/aix-ppc64@npm:0.25.12"
  conditions: os=aix & cpu=ppc64
  languageName: node
  linkType: hard

"@esbuild/android-arm64@npm:0.25.12":
  version: 0.25.12
  resolution: "@esbuild/android-arm64@npm:0.25.12"
  conditions: os=android & cpu=arm64
  languageName: node
  linkType: hard

"@esbuild/android-arm@npm:0.25.12":
  version: 0.25.12
  resolution: "@esbuild/android-arm@npm:0.25.12"
  conditions: os=android & cpu=arm
  languageName: node
  linkType: hard

"@esbuild/android-x64@npm:0.25.12":
  version: 0.25.12
  resolution: "@esbuild/android-x64@npm:0.25.12"
  conditions: os=android & cpu=x64
  languageName: node
  linkType: hard

"@esbuild/darwin-arm64@npm:0.25.12":
  version: 0.25.12
  resolution: "@esbuild/darwin-arm64@npm:0.25.12"
  conditions: os=darwin & cpu=arm64
  languageName: node
  linkType: hard

"@esbuild/darwin-x64@npm:0.25.12":
  version: 0.25.12
  resolution: "@esbuild/darwin-x64@npm:0.25.12"
  conditions: os=darwin & cpu=x64
  languageName: node
  linkType: hard

"@esbuild/freebsd-arm64@npm:0.25.12":
  version: 0.25.12
  resolution: "@esbuild/freebsd-arm64@npm:0.25.12"
  conditions: os=freebsd & cpu=arm64
  languageName: node
  linkType: hard

"@esbuild/freebsd-x64@npm:0.25.12":
  version: 0.25.12
  resolution: "@esbuild/freebsd-x64@npm:0.25.12"
  conditions: os=freebsd & cpu=x64
  languageName: node
  linkType: hard

"@esbuild/linux-arm64@npm:0.25.12":
  version: 0.25.12
  resolution: "@esbuild/linux-arm64@npm:0.25.12"
  conditions: os=linux & cpu=arm64
  languageName: node
  linkType: hard

"@esbuild/linux-arm@npm:0.25.12":
  version: 0.25.12
  resolution: "@esbuild/linux-arm@npm:0.25.12"
  conditions: os=linux & cpu=arm
  languageName: node
  linkType: hard

"@esbuild/linux-ia32@npm:0.25.12":
  version: 0.25.12
  resolution: "@esbuild/linux-ia32@npm:0.25.12"
  conditions: os=linux & cpu=ia32
  languageName: node
  linkType: hard

"@esbuild/linux-loong64@npm:0.25.12":
  version: 0.25.12
  resolution: "@esbuild/linux-loong64@npm:0.25.12"
  conditions: os=linux & cpu=loong64
  languageName: node
  linkType: hard

"@esbuild/linux-mips64el@npm:0.25.12":
  version: 0.25.12
  resolution: "@esbuild/linux-mips64el@npm:0.25.12"
  conditions: os=linux & cpu=mips64el
  languageName: node
  linkType: hard

"@esbuild/linux-ppc64@npm:0.25.12":
  version: 0.25.12
  resolution: "@esbuild/linux-ppc64@npm:0.25.12"
  conditions: os=linux & cpu=ppc64
  languageName: node
  linkType: hard

"@esbuild/linux-riscv64@npm:0.25.12":
  version: 0.25.12
  resolution: "@esbuild/linux-riscv64@npm:0.25.12"
  conditions: os=linux & cpu=riscv64
  languageName: node
  linkType: hard

"@esbuild/linux-s390x@npm:0.25.12":
  version: 0.25.12
  resolution: "@esbuild/linux-s390x@npm:0.25.12"
  conditions: os=linux & cpu=s390x
  languageName: node
  linkType: hard

"@esbuild/linux-x64@npm:0.25.12":
  version: 0.25.12
  resolution: "@esbuild/linux-x64@npm:0.25.12"
  conditions: os=linux & cpu=x64
  languageName: node
  linkType: hard

"@esbuild/netbsd-arm64@npm:0.25.12":
  version: 0.25.12
  resolution: "@esbuild/netbsd-arm64@npm:0.25.12"
  conditions: os=netbsd & cpu=arm64
  languageName: node
  linkType: hard

"@esbuild/netbsd-x64@npm:0.25.12":
  version: 0.25.12
  resolution: "@esbuild/netbsd-x64@npm:0.25.12"
  conditions: os=netbsd & cpu=x64
  languageName: node
  linkType: hard

"@esbuild/openbsd-arm64@npm:0.25.12":
  version: 0.25.12
  resolution: "@esbuild/openbsd-arm64@npm:0.25.12"
  conditions: os=openbsd & cpu=arm64
  languageName: node
  linkType: hard

"@esbuild/openbsd-x64@npm:0.25.12":
  version: 0.25.12
  resolution: "@esbuild/openbsd-x64@npm:0.25.12"
  conditions: os=openbsd & cpu=x64
  languageName: node
  linkType: hard

"@esbuild/openharmony-arm64@npm:0.25.12":
  version: 0.25.12
  resolution: "@esbuild/openharmony-arm64@npm:0.25.12"
  conditions: os=openharmony & cpu=arm64
  languageName: node
  linkType: hard

"@esbuild/sunos-x64@npm:0.25.12":
  version: 0.25.12
  resolution: "@esbuild/sunos-x64@npm:0.25.12"
  conditions: os=sunos & cpu=x64
  languageName: node
  linkType: hard

"@esbuild/win32-arm64@npm:0.25.12":
  version: 0.25.12
  resolution: "@esbuild/win32-arm64@npm:0.25.12"
  conditions: os=win32 & cpu=arm64
  languageName: node
  linkType: hard

"@esbuild/win32-ia32@npm:0.25.12":
  version: 0.25.12
  resolution: "@esbuild/win32-ia32@npm:0.25.12"
  conditions: os=win32 & cpu=ia32
  languageName: node
  linkType: hard

"@esbuild/win32-x64@npm:0.25.12":
  version: 0.25.12
  resolution: "@esbuild/win32-x64@npm:0.25.12"
  conditions: os=win32 & cpu=x64
  languageName: node
  linkType: hard

"@isaacs/cliui@npm:^8.0.2":
  version: 8.0.2
  resolution: "@isaacs/cliui@npm:8.0.2"
  dependencies:
    string-width: "npm:^5.1.2"
    string-width-cjs: "npm:string-width@^4.2.0"
    strip-ansi: "npm:^7.0.1"
    strip-ansi-cjs: "npm:strip-ansi@^6.0.1"
    wrap-ansi: "npm:^8.1.0"
    wrap-ansi-cjs: "npm:wrap-ansi@^7.0.0"
  checksum: 10c0/b1bf42535d49f11dc137f18d5e4e63a28c5569de438a221c369483731e9dac9fb797af554e8bf02b6192d1e5eba6e6402cf93900c3d0ac86391d00d04876789e
  languageName: node
  linkType: hard

"@isaacs/fs-minipass@npm:^4.0.0":
  version: 4.0.1
  resolution: "@isaacs/fs-minipass@npm:4.0.1"
  dependencies:
    minipass: "npm:^7.0.4"
  checksum: 10c0/c25b6dc1598790d5b55c0947a9b7d111cfa92594db5296c3b907e2f533c033666f692a3939eadac17b1c7c40d362d0b0635dc874cbfe3e70db7c2b07cc97a5d2
  languageName: node
  linkType: hard

"@npmcli/agent@npm:^3.0.0":
  version: 3.0.0
  resolution: "@npmcli/agent@npm:3.0.0"
  dependencies:
    agent-base: "npm:^7.1.0"
    http-proxy-agent: "npm:^7.0.0"
    https-proxy-agent: "npm:^7.0.1"
    lru-cache: "npm:^10.0.1"
    socks-proxy-agent: "npm:^8.0.3"
  checksum: 10c0/efe37b982f30740ee77696a80c196912c274ecd2cb243bc6ae7053a50c733ce0f6c09fda085145f33ecf453be19654acca74b69e81eaad4c90f00ccffe2f9271
  languageName: node
  linkType: hard

"@npmcli/fs@npm:^4.0.0":
  version: 4.0.0
  resolution: "@npmcli/fs@npm:4.0.0"
  dependencies:
    semver: "npm:^7.3.5"
  checksum: 10c0/c90935d5ce670c87b6b14fab04a965a3b8137e585f8b2a6257263bd7f97756dd736cb165bb470e5156a9e718ecd99413dccc54b1138c1a46d6ec7cf325982fe5
  languageName: node
  linkType: hard

"@pkgjs/parseargs@npm:^0.11.0":
  version: 0.11.0
  resolution: "@pkgjs/parseargs@npm:0.11.0"
  checksum: 10c0/5bd7576bb1b38a47a7fc7b51ac9f38748e772beebc56200450c4a817d712232b8f1d3ef70532c80840243c657d491cf6a6be1e3a214cff907645819fdc34aadd
  languageName: node
  linkType: hard

"@types/node@npm:^24.7.2":
  version: 24.10.1
  resolution: "@types/node@npm:24.10.1"
  dependencies:
    undici-types: "npm:~7.16.0"
  checksum: 10c0/d6bca7a78f550fbb376f236f92b405d676003a8a09a1b411f55920ef34286ee3ee51f566203920e835478784df52662b5b2af89159d9d319352e9ea21801c002
  languageName: node
  linkType: hard

"abbrev@npm:^3.0.0":
  version: 3.0.1
  resolution: "abbrev@npm:3.0.1"
  checksum: 10c0/21ba8f574ea57a3106d6d35623f2c4a9111d9ee3e9a5be47baed46ec2457d2eac46e07a5c4a60186f88cb98abbe3e24f2d4cca70bc2b12f1692523e2209a9ccf
  languageName: node
  linkType: hard

"agent-base@npm:^7.1.0, agent-base@npm:^7.1.2":
  version: 7.1.4
  resolution: "agent-base@npm:7.1.4"
  checksum: 10c0/c2c9ab7599692d594b6a161559ada307b7a624fa4c7b03e3afdb5a5e31cd0e53269115b620fcab024c5ac6a6f37fa5eb2e004f076ad30f5f7e6b8b671f7b35fe
  languageName: node
  linkType: hard

"ansi-regex@npm:^5.0.1":
  version: 5.0.1
  resolution: "ansi-regex@npm:5.0.1"
  checksum: 10c0/9a64bb8627b434ba9327b60c027742e5d17ac69277960d041898596271d992d4d52ba7267a63ca10232e29f6107fc8a835f6ce8d719b88c5f8493f8254813737
  languageName: node
  linkType: hard

"ansi-regex@npm:^6.0.1":
  version: 6.2.2
  resolution: "ansi-regex@npm:6.2.2"
  checksum: 10c0/05d4acb1d2f59ab2cf4b794339c7b168890d44dda4bf0ce01152a8da0213aca207802f930442ce8cd22d7a92f44907664aac6508904e75e038fa944d2601b30f
  languageName: node
  linkType: hard

"ansi-styles@npm:^4.0.0":
  version: 4.3.0
  resolution: "ansi-styles@npm:4.3.0"
  dependencies:
    color-convert: "npm:^2.0.1"
  checksum: 10c0/895a23929da416f2bd3de7e9cb4eabd340949328ab85ddd6e484a637d8f6820d485f53933446f5291c3b760cbc488beb8e88573dd0f9c7daf83dccc8fe81b041
  languageName: node
  linkType: hard

"ansi-styles@npm:^6.1.0":
  version: 6.2.3
  resolution: "ansi-styles@npm:6.2.3"
  checksum: 10c0/23b8a4ce14e18fb854693b95351e286b771d23d8844057ed2e7d083cd3e708376c3323707ec6a24365f7d7eda3ca00327fe04092e29e551499ec4c8b7bfac868
  languageName: node
  linkType: hard

"balanced-match@npm:^1.0.0":
  version: 1.0.2
  resolution: "balanced-match@npm:1.0.2"
  checksum: 10c0/9308baf0a7e4838a82bbfd11e01b1cb0f0cf2893bc1676c27c2a8c0e70cbae1c59120c3268517a8ae7fb6376b4639ef81ca22582611dbee4ed28df945134aaee
  languageName: node
  linkType: hard

"brace-expansion@npm:^2.0.1":
  version: 2.0.2
  resolution: "brace-expansion@npm:2.0.2"
  dependencies:
    balanced-match: "npm:^1.0.0"
  checksum: 10c0/6d117a4c793488af86b83172deb6af143e94c17bc53b0b3cec259733923b4ca84679d506ac261f4ba3c7ed37c46018e2ff442f9ce453af8643ecd64f4a54e6cf
  languageName: node
  linkType: hard

"cacache@npm:^19.0.1":
  version: 19.0.1
  resolution: "cacache@npm:19.0.1"
  dependencies:
    "@npmcli/fs": "npm:^4.0.0"
    fs-minipass: "npm:^3.0.0"
    glob: "npm:^10.2.2"
    lru-cache: "npm:^10.0.1"
    minipass: "npm:^7.0.3"
    minipass-collect: "npm:^2.0.1"
    minipass-flush: "npm:^1.0.5"
    minipass-pipeline: "npm:^1.2.4"
    p-map: "npm:^7.0.2"
    ssri: "npm:^12.0.0"
    tar: "npm:^7.4.3"
    unique-filename: "npm:^4.0.0"
  checksum: 10c0/01f2134e1bd7d3ab68be851df96c8d63b492b1853b67f2eecb2c37bb682d37cb70bb858a16f2f0554d3c0071be6dfe21456a1ff6fa4b7eed996570d6a25ffe9c
  languageName: node
  linkType: hard

"chownr@npm:^3.0.0":
  version: 3.0.0
  resolution: "chownr@npm:3.0.0"
  checksum: 10c0/43925b87700f7e3893296c8e9c56cc58f926411cce3a6e5898136daaf08f08b9a8eb76d37d3267e707d0dcc17aed2e2ebdf5848c0c3ce95cf910a919935c1b10
  languageName: node
  linkType: hard

"color-convert@npm:^2.0.1":
  version: 2.0.1
  resolution: "color-convert@npm:2.0.1"
  dependencies:
    color-name: "npm:~1.1.4"
  checksum: 10c0/37e1150172f2e311fe1b2df62c6293a342ee7380da7b9cfdba67ea539909afbd74da27033208d01d6d5cfc65ee7868a22e18d7e7648e004425441c0f8a15a7d7
  languageName: node
  linkType: hard

"color-name@npm:~1.1.4":
  version: 1.1.4
  resolution: "color-name@npm:1.1.4"
  checksum: 10c0/a1a3f914156960902f46f7f56bc62effc6c94e84b2cae157a526b1c1f74b677a47ec602bf68a61abfa2b42d15b7c5651c6dbe72a43af720bc588dff885b10f95
  languageName: node
  linkType: hard

"cross-spawn@npm:^7.0.6":
  version: 7.0.6
  resolution: "cross-spawn@npm:7.0.6"
  dependencies:
    path-key: "npm:^3.1.0"
    shebang-command: "npm:^2.0.0"
    which: "npm:^2.0.1"
  checksum: 10c0/053ea8b2135caff68a9e81470e845613e374e7309a47731e81639de3eaeb90c3d01af0e0b44d2ab9d50b43467223b88567dfeb3262db942dc063b9976718ffc1
  languageName: node
  linkType: hard

"debug@npm:4, debug@npm:^4.3.4":
  version: 4.4.3
  resolution: "debug@npm:4.4.3"
  dependencies:
    ms: "npm:^2.1.3"
  peerDependenciesMeta:
    supports-color:
      optional: true
  checksum: 10c0/d79136ec6c83ecbefd0f6a5593da6a9c91ec4d7ddc4b54c883d6e71ec9accb5f67a1a5e96d00a328196b5b5c86d365e98d8a3a70856aaf16b4e7b1985e67f5a6
  languageName: node
  linkType: hard

"dotenv@npm:^16.4.5":
  version: 16.6.1
  resolution: "dotenv@npm:16.6.1"
  checksum: 10c0/15ce56608326ea0d1d9414a5c8ee6dcf0fffc79d2c16422b4ac2268e7e2d76ff5a572d37ffe747c377de12005f14b3cc22361e79fc7f1061cce81f77d2c973dc
  languageName: node
  linkType: hard

"eastasianwidth@npm:^0.2.0":
  version: 0.2.0
  resolution: "eastasianwidth@npm:0.2.0"
  checksum: 10c0/26f364ebcdb6395f95124fda411f63137a4bfb5d3a06453f7f23dfe52502905bd84e0488172e0f9ec295fdc45f05c23d5d91baf16bd26f0fe9acd777a188dc39
  languageName: node
  linkType: hard

"emoji-regex@npm:^8.0.0":
  version: 8.0.0
  resolution: "emoji-regex@npm:8.0.0"
  checksum: 10c0/b6053ad39951c4cf338f9092d7bfba448cdfd46fe6a2a034700b149ac9ffbc137e361cbd3c442297f86bed2e5f7576c1b54cc0a6bf8ef5106cc62f496af35010
  languageName: node
  linkType: hard

"emoji-regex@npm:^9.2.2":
  version: 9.2.2
  resolution: "emoji-regex@npm:9.2.2"
  checksum: 10c0/af014e759a72064cf66e6e694a7fc6b0ed3d8db680427b021a89727689671cefe9d04151b2cad51dbaf85d5ba790d061cd167f1cf32eb7b281f6368b3c181639
  languageName: node
  linkType: hard

"encoding@npm:^0.1.13":
  version: 0.1.13
  resolution: "encoding@npm:0.1.13"
  dependencies:
    iconv-lite: "npm:^0.6.2"
  checksum: 10c0/36d938712ff00fe1f4bac88b43bcffb5930c1efa57bbcdca9d67e1d9d6c57cfb1200fb01efe0f3109b2ce99b231f90779532814a81370a1bd3274a0f58585039
  languageName: node
  linkType: hard

"env-paths@npm:^2.2.0":
  version: 2.2.1
  resolution: "env-paths@npm:2.2.1"
  checksum: 10c0/285325677bf00e30845e330eec32894f5105529db97496ee3f598478e50f008c5352a41a30e5e72ec9de8a542b5a570b85699cd63bd2bc646dbcb9f311d83bc4
  languageName: node
  linkType: hard

"err-code@npm:^2.0.2":
  version: 2.0.3
  resolution: "err-code@npm:2.0.3"
  checksum: 10c0/b642f7b4dd4a376e954947550a3065a9ece6733ab8e51ad80db727aaae0817c2e99b02a97a3d6cecc648a97848305e728289cf312d09af395403a90c9d4d8a66
  languageName: node
  linkType: hard

"esbuild@npm:~0.25.0":
  version: 0.25.12
  resolution: "esbuild@npm:0.25.12"
  dependencies:
    "@esbuild/aix-ppc64": "npm:0.25.12"
    "@esbuild/android-arm": "npm:0.25.12"
    "@esbuild/android-arm64": "npm:0.25.12"
    "@esbuild/android-x64": "npm:0.25.12"
    "@esbuild/darwin-arm64": "npm:0.25.12"
    "@esbuild/darwin-x64": "npm:0.25.12"
    "@esbuild/freebsd-arm64": "npm:0.25.12"
    "@esbuild/freebsd-x64": "npm:0.25.12"
    "@esbuild/linux-arm": "npm:0.25.12"
    "@esbuild/linux-arm64": "npm:0.25.12"
    "@esbuild/linux-ia32": "npm:0.25.12"
    "@esbuild/linux-loong64": "npm:0.25.12"
    "@esbuild/linux-mips64el": "npm:0.25.12"
    "@esbuild/linux-ppc64": "npm:0.25.12"
    "@esbuild/linux-riscv64": "npm:0.25.12"
    "@esbuild/linux-s390x": "npm:0.25.12"
    "@esbuild/linux-x64": "npm:0.25.12"
    "@esbuild/netbsd-arm64": "npm:0.25.12"
    "@esbuild/netbsd-x64": "npm:0.25.12"
    "@esbuild/openbsd-arm64": "npm:0.25.12"
    "@esbuild/openbsd-x64": "npm:0.25.12"
    "@esbuild/openharmony-arm64": "npm:0.25.12"
    "@esbuild/sunos-x64": "npm:0.25.12"
    "@esbuild/win32-arm64": "npm:0.25.12"
    "@esbuild/win32-ia32": "npm:0.25.12"
    "@esbuild/win32-x64": "npm:0.25.12"
  dependenciesMeta:
    "@esbuild/aix-ppc64":
      optional: true
    "@esbuild/android-arm":
      optional: true
    "@esbuild/android-arm64":
      optional: true
    "@esbuild/android-x64":
      optional: true
    "@esbuild/darwin-arm64":
      optional: true
    "@esbuild/darwin-x64":
      optional: true
    "@esbuild/freebsd-arm64":
      optional: true
    "@esbuild/freebsd-x64":
      optional: true
    "@esbuild/linux-arm":
      optional: true
    "@esbuild/linux-arm64":
      optional: true
    "@esbuild/linux-ia32":
      optional: true
    "@esbuild/linux-loong64":
      optional: true
    "@esbuild/linux-mips64el":
      optional: true
    "@esbuild/linux-ppc64":
      optional: true
    "@esbuild/linux-riscv64":
      optional: true
    "@esbuild/linux-s390x":
      optional: true
    "@esbuild/linux-x64":
      optional: true
    "@esbuild/netbsd-arm64":
      optional: true
    "@esbuild/netbsd-x64":
      optional: true
    "@esbuild/openbsd-arm64":
      optional: true
    "@esbuild/openbsd-x64":
      optional: true
    "@esbuild/openharmony-arm64":
      optional: true
    "@esbuild/sunos-x64":
      optional: true
    "@esbuild/win32-arm64":
      optional: true
    "@esbuild/win32-ia32":
      optional: true
    "@esbuild/win32-x64":
      optional: true
  bin:
    esbuild: bin/esbuild
  checksum: 10c0/c205357531423220a9de8e1e6c6514242bc9b1666e762cd67ccdf8fdfdc3f1d0bd76f8d9383958b97ad4c953efdb7b6e8c1f9ca5951cd2b7c5235e8755b34a6b
  languageName: node
  linkType: hard

"exponential-backoff@npm:^3.1.1":
  version: 3.1.3
  resolution: "exponential-backoff@npm:3.1.3"
  checksum: 10c0/77e3ae682b7b1f4972f563c6dbcd2b0d54ac679e62d5d32f3e5085feba20483cf28bd505543f520e287a56d4d55a28d7874299941faf637e779a1aa5994d1267
  languageName: node
  linkType: hard

"fdir@npm:^6.5.0":
  version: 6.5.0
  resolution: "fdir@npm:6.5.0"
  peerDependencies:
    picomatch: ^3 || ^4
  peerDependenciesMeta:
    picomatch:
      optional: true
  checksum: 10c0/e345083c4306b3aed6cb8ec551e26c36bab5c511e99ea4576a16750ddc8d3240e63826cc624f5ae17ad4dc82e68a253213b60d556c11bfad064b7607847ed07f
  languageName: node
  linkType: hard

"foreground-child@npm:^3.1.0":
  version: 3.3.1
  resolution: "foreground-child@npm:3.3.1"
  dependencies:
    cross-spawn: "npm:^7.0.6"
    signal-exit: "npm:^4.0.1"
  checksum: 10c0/8986e4af2430896e65bc2788d6679067294d6aee9545daefc84923a0a4b399ad9c7a3ea7bd8c0b2b80fdf4a92de4c69df3f628233ff3224260e9c1541a9e9ed3
  languageName: node
  linkType: hard

"fs-minipass@npm:^3.0.0":
  version: 3.0.3
  resolution: "fs-minipass@npm:3.0.3"
  dependencies:
    minipass: "npm:^7.0.3"
  checksum: 10c0/63e80da2ff9b621e2cb1596abcb9207f1cf82b968b116ccd7b959e3323144cce7fb141462200971c38bbf2ecca51695069db45265705bed09a7cd93ae5b89f94
  languageName: node
  linkType: hard

"fsevents@npm:~2.3.3":
  version: 2.3.3
  resolution: "fsevents@npm:2.3.3"
  dependencies:
    node-gyp: "npm:latest"
  checksum: 10c0/a1f0c44595123ed717febbc478aa952e47adfc28e2092be66b8ab1635147254ca6cfe1df792a8997f22716d4cbafc73309899ff7bfac2ac3ad8cf2e4ecc3ec60
  conditions: os=darwin
  languageName: node
  linkType: hard

"fsevents@patch:fsevents@npm%3A~2.3.3#optional!builtin<compat/fsevents>":
  version: 2.3.3
  resolution: "fsevents@patch:fsevents@npm%3A2.3.3#optional!builtin<compat/fsevents>::version=2.3.3&hash=df0bf1"
  dependencies:
    node-gyp: "npm:latest"
  conditions: os=darwin
  languageName: node
  linkType: hard

"get-tsconfig@npm:^4.7.5":
  version: 4.13.0
  resolution: "get-tsconfig@npm:4.13.0"
  dependencies:
    resolve-pkg-maps: "npm:^1.0.0"
  checksum: 10c0/2c49ef8d3907047a107f229fd610386fe3b7fe9e42dfd6b42e7406499493cdda8c62e83e57e8d7a98125610774b9f604d3a0ff308d7f9de5c7ac6d1b07cb6036
  languageName: node
  linkType: hard

"glob@npm:^10.2.2":
  version: 10.5.0
  resolution: "glob@npm:10.5.0"
  dependencies:
    foreground-child: "npm:^3.1.0"
    jackspeak: "npm:^3.1.2"
    minimatch: "npm:^9.0.4"
    minipass: "npm:^7.1.2"
    package-json-from-dist: "npm:^1.0.0"
    path-scurry: "npm:^1.11.1"
  bin:
    glob: dist/esm/bin.mjs
  checksum: 10c0/100705eddbde6323e7b35e1d1ac28bcb58322095bd8e63a7d0bef1a2cdafe0d0f7922a981b2b48369a4f8c1b077be5c171804534c3509dfe950dde15fbe6d828
  languageName: node
  linkType: hard

"graceful-fs@npm:^4.2.6":
  version: 4.2.11
  resolution: "graceful-fs@npm:4.2.11"
  checksum: 10c0/386d011a553e02bc594ac2ca0bd6d9e4c22d7fa8cfbfc448a6d148c59ea881b092db9dbe3547ae4b88e55f1b01f7c4a2ecc53b310c042793e63aa44cf6c257f2
  languageName: node
  linkType: hard

"http-cache-semantics@npm:^4.1.1":
  version: 4.2.0
  resolution: "http-cache-semantics@npm:4.2.0"
  checksum: 10c0/45b66a945cf13ec2d1f29432277201313babf4a01d9e52f44b31ca923434083afeca03f18417f599c9ab3d0e7b618ceb21257542338b57c54b710463b4a53e37
  languageName: node
  linkType: hard

"http-proxy-agent@npm:^7.0.0":
  version: 7.0.2
  resolution: "http-proxy-agent@npm:7.0.2"
  dependencies:
    agent-base: "npm:^7.1.0"
    debug: "npm:^4.3.4"
  checksum: 10c0/4207b06a4580fb85dd6dff521f0abf6db517489e70863dca1a0291daa7f2d3d2d6015a57bd702af068ea5cf9f1f6ff72314f5f5b4228d299c0904135d2aef921
  languageName: node
  linkType: hard

"https-proxy-agent@npm:^7.0.1":
  version: 7.0.6
  resolution: "https-proxy-agent@npm:7.0.6"
  dependencies:
    agent-base: "npm:^7.1.2"
    debug: "npm:4"
  checksum: 10c0/f729219bc735edb621fa30e6e84e60ee5d00802b8247aac0d7b79b0bd6d4b3294737a337b93b86a0bd9e68099d031858a39260c976dc14cdbba238ba1f8779ac
  languageName: node
  linkType: hard

"iconv-lite@npm:^0.6.2":
  version: 0.6.3
  resolution: "iconv-lite@npm:0.6.3"
  dependencies:
    safer-buffer: "npm:>= 2.1.2 < 3.0.0"
  checksum: 10c0/98102bc66b33fcf5ac044099d1257ba0b7ad5e3ccd3221f34dd508ab4070edff183276221684e1e0555b145fce0850c9f7d2b60a9fcac50fbb4ea0d6e845a3b1
  languageName: node
  linkType: hard

"imurmurhash@npm:^0.1.4":
  version: 0.1.4
  resolution: "imurmurhash@npm:0.1.4"
  checksum: 10c0/8b51313850dd33605c6c9d3fd9638b714f4c4c40250cff658209f30d40da60f78992fb2df5dabee4acf589a6a82bbc79ad5486550754bd9ec4e3fc0d4a57d6a6
  languageName: node
  linkType: hard

"ip-address@npm:^10.0.1":
  version: 10.0.1
  resolution: "ip-address@npm:10.0.1"
  checksum: 10c0/1634d79dae18394004775cb6d699dc46b7c23df6d2083164025a2b15240c1164fccde53d0e08bd5ee4fc53913d033ab6b5e395a809ad4b956a940c446e948843
  languageName: node
  linkType: hard

"is-fullwidth-code-point@npm:^3.0.0":
  version: 3.0.0
  resolution: "is-fullwidth-code-point@npm:3.0.0"
  checksum: 10c0/bb11d825e049f38e04c06373a8d72782eee0205bda9d908cc550ccb3c59b99d750ff9537982e01733c1c94a58e35400661f57042158ff5e8f3e90cf936daf0fc
  languageName: node
  linkType: hard

"isexe@npm:^2.0.0":
  version: 2.0.0
  resolution: "isexe@npm:2.0.0"
  checksum: 10c0/228cfa503fadc2c31596ab06ed6aa82c9976eec2bfd83397e7eaf06d0ccf42cd1dfd6743bf9aeb01aebd4156d009994c5f76ea898d2832c1fe342da923ca457d
  languageName: node
  linkType: hard

"isexe@npm:^3.1.1":
  version: 3.1.1
  resolution: "isexe@npm:3.1.1"
  checksum: 10c0/9ec257654093443eb0a528a9c8cbba9c0ca7616ccb40abd6dde7202734d96bb86e4ac0d764f0f8cd965856aacbff2f4ce23e730dc19dfb41e3b0d865ca6fdcc7
  languageName: node
  linkType: hard

"jackspeak@npm:^3.1.2":
  version: 3.4.3
  resolution: "jackspeak@npm:3.4.3"
  dependencies:
    "@isaacs/cliui": "npm:^8.0.2"
    "@pkgjs/parseargs": "npm:^0.11.0"
  dependenciesMeta:
    "@pkgjs/parseargs":
      optional: true
  checksum: 10c0/6acc10d139eaefdbe04d2f679e6191b3abf073f111edf10b1de5302c97ec93fffeb2fdd8681ed17f16268aa9dd4f8c588ed9d1d3bffbbfa6e8bf897cbb3149b9
  languageName: node
  linkType: hard

"lru-cache@npm:^10.0.1, lru-cache@npm:^10.2.0":
  version: 10.4.3
  resolution: "lru-cache@npm:10.4.3"
  checksum: 10c0/ebd04fbca961e6c1d6c0af3799adcc966a1babe798f685bb84e6599266599cd95d94630b10262f5424539bc4640107e8a33aa28585374abf561d30d16f4b39fb
  languageName: node
  linkType: hard

"make-fetch-happen@npm:^14.0.3":
  version: 14.0.3
  resolution: "make-fetch-happen@npm:14.0.3"
  dependencies:
    "@npmcli/agent": "npm:^3.0.0"
    cacache: "npm:^19.0.1"
    http-cache-semantics: "npm:^4.1.1"
    minipass: "npm:^7.0.2"
    minipass-fetch: "npm:^4.0.0"
    minipass-flush: "npm:^1.0.5"
    minipass-pipeline: "npm:^1.2.4"
    negotiator: "npm:^1.0.0"
    proc-log: "npm:^5.0.0"
    promise-retry: "npm:^2.0.1"
    ssri: "npm:^12.0.0"
  checksum: 10c0/c40efb5e5296e7feb8e37155bde8eb70bc57d731b1f7d90e35a092fde403d7697c56fb49334d92d330d6f1ca29a98142036d6480a12681133a0a1453164cb2f0
  languageName: node
  linkType: hard

"minimatch@npm:^9.0.4":
  version: 9.0.5
  resolution: "minimatch@npm:9.0.5"
  dependencies:
    brace-expansion: "npm:^2.0.1"
  checksum: 10c0/de96cf5e35bdf0eab3e2c853522f98ffbe9a36c37797778d2665231ec1f20a9447a7e567cb640901f89e4daaa95ae5d70c65a9e8aa2bb0019b6facbc3c0575ed
  languageName: node
  linkType: hard

"minipass-collect@npm:^2.0.1":
  version: 2.0.1
  resolution: "minipass-collect@npm:2.0.1"
  dependencies:
    minipass: "npm:^7.0.3"
  checksum: 10c0/5167e73f62bb74cc5019594709c77e6a742051a647fe9499abf03c71dca75515b7959d67a764bdc4f8b361cf897fbf25e2d9869ee039203ed45240f48b9aa06e
  languageName: node
  linkType: hard

"minipass-fetch@npm:^4.0.0":
  version: 4.0.1
  resolution: "minipass-fetch@npm:4.0.1"
  dependencies:
    encoding: "npm:^0.1.13"
    minipass: "npm:^7.0.3"
    minipass-sized: "npm:^1.0.3"
    minizlib: "npm:^3.0.1"
  dependenciesMeta:
    encoding:
      optional: true
  checksum: 10c0/a3147b2efe8e078c9bf9d024a0059339c5a09c5b1dded6900a219c218cc8b1b78510b62dae556b507304af226b18c3f1aeb1d48660283602d5b6586c399eed5c
  languageName: node
  linkType: hard

"minipass-flush@npm:^1.0.5":
  version: 1.0.5
  resolution: "minipass-flush@npm:1.0.5"
  dependencies:
    minipass: "npm:^3.0.0"
  checksum: 10c0/2a51b63feb799d2bb34669205eee7c0eaf9dce01883261a5b77410c9408aa447e478efd191b4de6fc1101e796ff5892f8443ef20d9544385819093dbb32d36bd
  languageName: node
  linkType: hard

"minipass-pipeline@npm:^1.2.4":
  version: 1.2.4
  resolution: "minipass-pipeline@npm:1.2.4"
  dependencies:
    minipass: "npm:^3.0.0"
  checksum: 10c0/cbda57cea20b140b797505dc2cac71581a70b3247b84480c1fed5ca5ba46c25ecc25f68bfc9e6dcb1a6e9017dab5c7ada5eab73ad4f0a49d84e35093e0c643f2
  languageName: node
  linkType: hard

"minipass-sized@npm:^1.0.3":
  version: 1.0.3
  resolution: "minipass-sized@npm:1.0.3"
  dependencies:
    minipass: "npm:^3.0.0"
  checksum: 10c0/298f124753efdc745cfe0f2bdfdd81ba25b9f4e753ca4a2066eb17c821f25d48acea607dfc997633ee5bf7b6dfffb4eee4f2051eb168663f0b99fad2fa4829cb
  languageName: node
  linkType: hard

"minipass@npm:^3.0.0":
  version: 3.3.6
  resolution: "minipass@npm:3.3.6"
  dependencies:
    yallist: "npm:^4.0.0"
  checksum: 10c0/a114746943afa1dbbca8249e706d1d38b85ed1298b530f5808ce51f8e9e941962e2a5ad2e00eae7dd21d8a4aae6586a66d4216d1a259385e9d0358f0c1eba16c
  languageName: node
  linkType: hard

"minipass@npm:^5.0.0 || ^6.0.2 || ^7.0.0, minipass@npm:^7.0.2, minipass@npm:^7.0.3, minipass@npm:^7.0.4, minipass@npm:^7.1.2":
  version: 7.1.2
  resolution: "minipass@npm:7.1.2"
  checksum: 10c0/b0fd20bb9fb56e5fa9a8bfac539e8915ae07430a619e4b86ff71f5fc757ef3924b23b2c4230393af1eda647ed3d75739e4e0acb250a6b1eb277cf7f8fe449557
  languageName: node
  linkType: hard

"minizlib@npm:^3.0.1, minizlib@npm:^3.1.0":
  version: 3.1.0
  resolution: "minizlib@npm:3.1.0"
  dependencies:
    minipass: "npm:^7.1.2"
  checksum: 10c0/5aad75ab0090b8266069c9aabe582c021ae53eb33c6c691054a13a45db3b4f91a7fb1bd79151e6b4e9e9a86727b522527c0a06ec7d45206b745d54cd3097bcec
  languageName: node
  linkType: hard

"ms@npm:^2.1.3":
  version: 2.1.3
  resolution: "ms@npm:2.1.3"
  checksum: 10c0/d924b57e7312b3b63ad21fc5b3dc0af5e78d61a1fc7cfb5457edaf26326bf62be5307cc87ffb6862ef1c2b33b0233cdb5d4f01c4c958cc0d660948b65a287a48
  languageName: node
  linkType: hard

"negotiator@npm:^1.0.0":
  version: 1.0.0
  resolution: "negotiator@npm:1.0.0"
  checksum: 10c0/4c559dd52669ea48e1914f9d634227c561221dd54734070791f999c52ed0ff36e437b2e07d5c1f6e32909fc625fe46491c16e4a8f0572567d4dd15c3a4fda04b
  languageName: node
  linkType: hard

"node-gyp@npm:latest":
  version: 11.5.0
  resolution: "node-gyp@npm:11.5.0"
  dependencies:
    env-paths: "npm:^2.2.0"
    exponential-backoff: "npm:^3.1.1"
    graceful-fs: "npm:^4.2.6"
    make-fetch-happen: "npm:^14.0.3"
    nopt: "npm:^8.0.0"
    proc-log: "npm:^5.0.0"
    semver: "npm:^7.3.5"
    tar: "npm:^7.4.3"
    tinyglobby: "npm:^0.2.12"
    which: "npm:^5.0.0"
  bin:
    node-gyp: bin/node-gyp.js
  checksum: 10c0/31ff49586991b38287bb15c3d529dd689cfc32f992eed9e6997b9d712d5d21fe818a8b1bbfe3b76a7e33765c20210c5713212f4aa329306a615b87d8a786da3a
  languageName: node
  linkType: hard

"nopt@npm:^8.0.0":
  version: 8.1.0
  resolution: "nopt@npm:8.1.0"
  dependencies:
    abbrev: "npm:^3.0.0"
  bin:
    nopt: bin/nopt.js
  checksum: 10c0/62e9ea70c7a3eb91d162d2c706b6606c041e4e7b547cbbb48f8b3695af457dd6479904d7ace600856bf923dd8d1ed0696f06195c8c20f02ac87c1da0e1d315ef
  languageName: node
  linkType: hard

"p-map@npm:^7.0.2":
  version: 7.0.3
  resolution: "p-map@npm:7.0.3"
  checksum: 10c0/46091610da2b38ce47bcd1d8b4835a6fa4e832848a6682cf1652bc93915770f4617afc844c10a77d1b3e56d2472bb2d5622353fa3ead01a7f42b04fc8e744a5c
  languageName: node
  linkType: hard

"package-json-from-dist@npm:^1.0.0":
  version: 1.0.1
  resolution: "package-json-from-dist@npm:1.0.1"
  checksum: 10c0/62ba2785eb655fec084a257af34dbe24292ab74516d6aecef97ef72d4897310bc6898f6c85b5cd22770eaa1ce60d55a0230e150fb6a966e3ecd6c511e23d164b
  languageName: node
  linkType: hard

"path-key@npm:^3.1.0":
  version: 3.1.1
  resolution: "path-key@npm:3.1.1"
  checksum: 10c0/748c43efd5a569c039d7a00a03b58eecd1d75f3999f5a28303d75f521288df4823bc057d8784eb72358b2895a05f29a070bc9f1f17d28226cc4e62494cc58c4c
  languageName: node
  linkType: hard

"path-scurry@npm:^1.11.1":
  version: 1.11.1
  resolution: "path-scurry@npm:1.11.1"
  dependencies:
    lru-cache: "npm:^10.2.0"
    minipass: "npm:^5.0.0 || ^6.0.2 || ^7.0.0"
  checksum: 10c0/32a13711a2a505616ae1cc1b5076801e453e7aae6ac40ab55b388bb91b9d0547a52f5aaceff710ea400205f18691120d4431e520afbe4266b836fadede15872d
  languageName: node
  linkType: hard

"picomatch@npm:^4.0.3":
  version: 4.0.3
  resolution: "picomatch@npm:4.0.3"
  checksum: 10c0/9582c951e95eebee5434f59e426cddd228a7b97a0161a375aed4be244bd3fe8e3a31b846808ea14ef2c8a2527a6eeab7b3946a67d5979e81694654f939473ae2
  languageName: node
  linkType: hard

"proc-log@npm:^5.0.0":
  version: 5.0.0
  resolution: "proc-log@npm:5.0.0"
  checksum: 10c0/bbe5edb944b0ad63387a1d5b1911ae93e05ce8d0f60de1035b218cdcceedfe39dbd2c697853355b70f1a090f8f58fe90da487c85216bf9671f9499d1a897e9e3
  languageName: node
  linkType: hard

"promise-retry@npm:^2.0.1":
  version: 2.0.1
  resolution: "promise-retry@npm:2.0.1"
  dependencies:
    err-code: "npm:^2.0.2"
    retry: "npm:^0.12.0"
  checksum: 10c0/9c7045a1a2928094b5b9b15336dcd2a7b1c052f674550df63cc3f36cd44028e5080448175b6f6ca32b642de81150f5e7b1a98b728f15cb069f2dd60ac2616b96
  languageName: node
  linkType: hard

"resolve-pkg-maps@npm:^1.0.0":
  version: 1.0.0
  resolution: "resolve-pkg-maps@npm:1.0.0"
  checksum: 10c0/fb8f7bbe2ca281a73b7ef423a1cbc786fb244bd7a95cbe5c3fba25b27d327150beca8ba02f622baea65919a57e061eb5005204daa5f93ed590d9b77463a567ab
  languageName: node
  linkType: hard

"retry@npm:^0.12.0":
  version: 0.12.0
  resolution: "retry@npm:0.12.0"
  checksum: 10c0/59933e8501727ba13ad73ef4a04d5280b3717fd650408460c987392efe9d7be2040778ed8ebe933c5cbd63da3dcc37919c141ef8af0a54a6e4fca5a2af177bfe
  languageName: node
  linkType: hard

"rollup-engine@workspace:.":
  version: 0.0.0-use.local
  resolution: "rollup-engine@workspace:."
  dependencies:
    "@types/node": "npm:^24.7.2"
    dotenv: "npm:^16.4.5"
    tsx: "npm:^4.20.6"
    twenty-sdk: "npm:0.0.3"
  languageName: unknown
  linkType: soft

"safer-buffer@npm:>= 2.1.2 < 3.0.0":
  version: 2.1.2
  resolution: "safer-buffer@npm:2.1.2"
  checksum: 10c0/7e3c8b2e88a1841c9671094bbaeebd94448111dd90a81a1f606f3f67708a6ec57763b3b47f06da09fc6054193e0e6709e77325415dc8422b04497a8070fa02d4
  languageName: node
  linkType: hard

"semver@npm:^7.3.5":
  version: 7.7.3
  resolution: "semver@npm:7.7.3"
  bin:
    semver: bin/semver.js
  checksum: 10c0/4afe5c986567db82f44c8c6faef8fe9df2a9b1d98098fc1721f57c696c4c21cebd572f297fc21002f81889492345b8470473bc6f4aff5fb032a6ea59ea2bc45e
  languageName: node
  linkType: hard

"shebang-command@npm:^2.0.0":
  version: 2.0.0
  resolution: "shebang-command@npm:2.0.0"
  dependencies:
    shebang-regex: "npm:^3.0.0"
  checksum: 10c0/a41692e7d89a553ef21d324a5cceb5f686d1f3c040759c50aab69688634688c5c327f26f3ecf7001ebfd78c01f3c7c0a11a7c8bfd0a8bc9f6240d4f40b224e4e
  languageName: node
  linkType: hard

"shebang-regex@npm:^3.0.0":
  version: 3.0.0
  resolution: "shebang-regex@npm:3.0.0"
  checksum: 10c0/1dbed0726dd0e1152a92696c76c7f06084eb32a90f0528d11acd764043aacf76994b2fb30aa1291a21bd019d6699164d048286309a278855ee7bec06cf6fb690
  languageName: node
  linkType: hard

"signal-exit@npm:^4.0.1":
  version: 4.1.0
  resolution: "signal-exit@npm:4.1.0"
  checksum: 10c0/41602dce540e46d599edba9d9860193398d135f7ff72cab629db5171516cfae628d21e7bfccde1bbfdf11c48726bc2a6d1a8fb8701125852fbfda7cf19c6aa83
  languageName: node
  linkType: hard

"smart-buffer@npm:^4.2.0":
  version: 4.2.0
  resolution: "smart-buffer@npm:4.2.0"
  checksum: 10c0/a16775323e1404dd43fabafe7460be13a471e021637bc7889468eb45ce6a6b207261f454e4e530a19500cc962c4cc5348583520843b363f4193cee5c00e1e539
  languageName: node
  linkType: hard

"socks-proxy-agent@npm:^8.0.3":
  version: 8.0.5
  resolution: "socks-proxy-agent@npm:8.0.5"
  dependencies:
    agent-base: "npm:^7.1.2"
    debug: "npm:^4.3.4"
    socks: "npm:^2.8.3"
  checksum: 10c0/5d2c6cecba6821389aabf18728325730504bf9bb1d9e342e7987a5d13badd7a98838cc9a55b8ed3cb866ad37cc23e1086f09c4d72d93105ce9dfe76330e9d2a6
  languageName: node
  linkType: hard

"socks@npm:^2.8.3":
  version: 2.8.7
  resolution: "socks@npm:2.8.7"
  dependencies:
    ip-address: "npm:^10.0.1"
    smart-buffer: "npm:^4.2.0"
  checksum: 10c0/2805a43a1c4bcf9ebf6e018268d87b32b32b06fbbc1f9282573583acc155860dc361500f89c73bfbb157caa1b4ac78059eac0ef15d1811eb0ca75e0bdadbc9d2
  languageName: node
  linkType: hard

"ssri@npm:^12.0.0":
  version: 12.0.0
  resolution: "ssri@npm:12.0.0"
  dependencies:
    minipass: "npm:^7.0.3"
  checksum: 10c0/caddd5f544b2006e88fa6b0124d8d7b28208b83c72d7672d5ade44d794525d23b540f3396108c4eb9280dcb7c01f0bef50682f5b4b2c34291f7c5e211fd1417d
  languageName: node
  linkType: hard

"string-width-cjs@npm:string-width@^4.2.0, string-width@npm:^4.1.0":
  version: 4.2.3
  resolution: "string-width@npm:4.2.3"
  dependencies:
    emoji-regex: "npm:^8.0.0"
    is-fullwidth-code-point: "npm:^3.0.0"
    strip-ansi: "npm:^6.0.1"
  checksum: 10c0/1e525e92e5eae0afd7454086eed9c818ee84374bb80328fc41217ae72ff5f065ef1c9d7f72da41de40c75fa8bb3dee63d92373fd492c84260a552c636392a47b
  languageName: node
  linkType: hard

"string-width@npm:^5.0.1, string-width@npm:^5.1.2":
  version: 5.1.2
  resolution: "string-width@npm:5.1.2"
  dependencies:
    eastasianwidth: "npm:^0.2.0"
    emoji-regex: "npm:^9.2.2"
    strip-ansi: "npm:^7.0.1"
  checksum: 10c0/ab9c4264443d35b8b923cbdd513a089a60de339216d3b0ed3be3ba57d6880e1a192b70ae17225f764d7adbf5994e9bb8df253a944736c15a0240eff553c678ca
  languageName: node
  linkType: hard

"strip-ansi-cjs@npm:strip-ansi@^6.0.1, strip-ansi@npm:^6.0.0, strip-ansi@npm:^6.0.1":
  version: 6.0.1
  resolution: "strip-ansi@npm:6.0.1"
  dependencies:
    ansi-regex: "npm:^5.0.1"
  checksum: 10c0/1ae5f212a126fe5b167707f716942490e3933085a5ff6c008ab97ab2f272c8025d3aa218b7bd6ab25729ca20cc81cddb252102f8751e13482a5199e873680952
  languageName: node
  linkType: hard

"strip-ansi@npm:^7.0.1":
  version: 7.1.2
  resolution: "strip-ansi@npm:7.1.2"
  dependencies:
    ansi-regex: "npm:^6.0.1"
  checksum: 10c0/0d6d7a023de33368fd042aab0bf48f4f4077abdfd60e5393e73c7c411e85e1b3a83507c11af2e656188511475776215df9ca589b4da2295c9455cc399ce1858b
  languageName: node
  linkType: hard

"tar@npm:^7.4.3":
  version: 7.5.2
  resolution: "tar@npm:7.5.2"
  dependencies:
    "@isaacs/fs-minipass": "npm:^4.0.0"
    chownr: "npm:^3.0.0"
    minipass: "npm:^7.1.2"
    minizlib: "npm:^3.1.0"
    yallist: "npm:^5.0.0"
  checksum: 10c0/a7d8b801139b52f93a7e34830db0de54c5aa45487c7cb551f6f3d44a112c67f1cb8ffdae856b05fd4f17b1749911f1c26f1e3a23bbe0279e17fd96077f13f467
  languageName: node
  linkType: hard

"tinyglobby@npm:^0.2.12":
  version: 0.2.15
  resolution: "tinyglobby@npm:0.2.15"
  dependencies:
    fdir: "npm:^6.5.0"
    picomatch: "npm:^4.0.3"
  checksum: 10c0/869c31490d0d88eedb8305d178d4c75e7463e820df5a9b9d388291daf93e8b1eb5de1dad1c1e139767e4269fe75f3b10d5009b2cc14db96ff98986920a186844
  languageName: node
  linkType: hard

"tsx@npm:^4.20.6":
  version: 4.20.6
  resolution: "tsx@npm:4.20.6"
  dependencies:
    esbuild: "npm:~0.25.0"
    fsevents: "npm:~2.3.3"
    get-tsconfig: "npm:^4.7.5"
  dependenciesMeta:
    fsevents:
      optional: true
  bin:
    tsx: dist/cli.mjs
  checksum: 10c0/07757a9bf62c271e0a00869b2008c5f2d6e648766536e4faf27d9d8027b7cde1ac8e4871f4bb570c99388bcee0018e6869dad98c07df809b8052f9c549cd216f
  languageName: node
  linkType: hard

"twenty-sdk@npm:0.0.3":
  version: 0.0.3
  resolution: "twenty-sdk@npm:0.0.3"
  checksum: 10c0/0a3c85c27edb22fb50f7eb0da4f9770e85729fce05e9e0118ad0cdfc36e42425c93340a6cd1c276daf30aeeaa612db0cd905831c0a8287a31bff3da5be9b0562
  languageName: node
  linkType: hard

"undici-types@npm:~7.16.0":
  version: 7.16.0
  resolution: "undici-types@npm:7.16.0"
  checksum: 10c0/3033e2f2b5c9f1504bdc5934646cb54e37ecaca0f9249c983f7b1fc2e87c6d18399ebb05dc7fd5419e02b2e915f734d872a65da2e3eeed1813951c427d33cc9a
  languageName: node
  linkType: hard

"unique-filename@npm:^4.0.0":
  version: 4.0.0
  resolution: "unique-filename@npm:4.0.0"
  dependencies:
    unique-slug: "npm:^5.0.0"
  checksum: 10c0/38ae681cceb1408ea0587b6b01e29b00eee3c84baee1e41fd5c16b9ed443b80fba90c40e0ba69627e30855570a34ba8b06702d4a35035d4b5e198bf5a64c9ddc
  languageName: node
  linkType: hard

"unique-slug@npm:^5.0.0":
  version: 5.0.0
  resolution: "unique-slug@npm:5.0.0"
  dependencies:
    imurmurhash: "npm:^0.1.4"
  checksum: 10c0/d324c5a44887bd7e105ce800fcf7533d43f29c48757ac410afd42975de82cc38ea2035c0483f4de82d186691bf3208ef35c644f73aa2b1b20b8e651be5afd293
  languageName: node
  linkType: hard

"which@npm:^2.0.1":
  version: 2.0.2
  resolution: "which@npm:2.0.2"
  dependencies:
    isexe: "npm:^2.0.0"
  bin:
    node-which: ./bin/node-which
  checksum: 10c0/66522872a768b60c2a65a57e8ad184e5372f5b6a9ca6d5f033d4b0dc98aff63995655a7503b9c0a2598936f532120e81dd8cc155e2e92ed662a2b9377cc4374f
  languageName: node
  linkType: hard

"which@npm:^5.0.0":
  version: 5.0.0
  resolution: "which@npm:5.0.0"
  dependencies:
    isexe: "npm:^3.1.1"
  bin:
    node-which: bin/which.js
  checksum: 10c0/e556e4cd8b7dbf5df52408c9a9dd5ac6518c8c5267c8953f5b0564073c66ed5bf9503b14d876d0e9c7844d4db9725fb0dcf45d6e911e17e26ab363dc3965ae7b
  languageName: node
  linkType: hard

"wrap-ansi-cjs@npm:wrap-ansi@^7.0.0":
  version: 7.0.0
  resolution: "wrap-ansi@npm:7.0.0"
  dependencies:
    ansi-styles: "npm:^4.0.0"
    string-width: "npm:^4.1.0"
    strip-ansi: "npm:^6.0.0"
  checksum: 10c0/d15fc12c11e4cbc4044a552129ebc75ee3f57aa9c1958373a4db0292d72282f54373b536103987a4a7594db1ef6a4f10acf92978f79b98c49306a4b58c77d4da
  languageName: node
  linkType: hard

"wrap-ansi@npm:^8.1.0":
  version: 8.1.0
  resolution: "wrap-ansi@npm:8.1.0"
  dependencies:
    ansi-styles: "npm:^6.1.0"
    string-width: "npm:^5.0.1"
    strip-ansi: "npm:^7.0.1"
  checksum: 10c0/138ff58a41d2f877eae87e3282c0630fc2789012fc1af4d6bd626eeb9a2f9a65ca92005e6e69a75c7b85a68479fe7443c7dbe1eb8fbaa681a4491364b7c55c60
  languageName: node
  linkType: hard

"yallist@npm:^4.0.0":
  version: 4.0.0
  resolution: "yallist@npm:4.0.0"
  checksum: 10c0/2286b5e8dbfe22204ab66e2ef5cc9bbb1e55dfc873bbe0d568aa943eb255d131890dfd5bf243637273d31119b870f49c18fcde2c6ffbb7a7a092b870dc90625a
  languageName: node
  linkType: hard

"yallist@npm:^5.0.0":
  version: 5.0.0
  resolution: "yallist@npm:5.0.0"
  checksum: 10c0/a499c81ce6d4a1d260d4ea0f6d49ab4da09681e32c3f0472dee16667ed69d01dae63a3b81745a24bd78476ec4fcf856114cb4896ace738e01da34b2c42235416
  languageName: node
  linkType: hard
