# This file is generated by running "yarn install" inside your project.
# Manual changes might be lost - proceed with caution!

__metadata:
  version: 8
  cacheKey: 10c0

"@types/node@npm:^24.7.2":
  version: 24.9.1
  resolution: "@types/node@npm:24.9.1"
  dependencies:
    undici-types: "npm:~7.16.0"
  checksum: 10c0/c52f8168080ef9a7c3dc23d8ac6061fab5371aad89231a0f6f4c075869bc3de7e89b075b1f3e3171d9e5143d0dda1807c3dab8e32eac6d68f02e7480e7e78576
  languageName: node
  linkType: hard

"self-hosting@workspace:.":
  version: 0.0.0-use.local
  resolution: "self-hosting@workspace:."
  dependencies:
    "@types/node": "npm:^24.7.2"
    twenty-sdk: "npm:0.0.4"
  languageName: unknown
  linkType: soft

"twenty-sdk@npm:0.0.4":
  version: 0.0.4
  resolution: "twenty-sdk@npm:0.0.4"
  checksum: 10c0/550f1d85bf0701396c9dd2d4c6bc55ba1b067fce13636f8540eec60ab6a4257c6d7cd86cb3f62e0974bf99467bc31270d92b17b9681a1b7a6281b7ef97224080
  languageName: node
  linkType: hard

"undici-types@npm:~7.16.0":
  version: 7.16.0
  resolution: "undici-types@npm:7.16.0"
  checksum: 10c0/3033e2f2b5c9f1504bdc5934646cb54e37ecaca0f9249c983f7b1fc2e87c6d18399ebb05dc7fd5419e02b2e915f734d872a65da2e3eeed1813951c427d33cc9a
  languageName: node
  linkType: hard
