# This file is generated by running "yarn install" inside your project.
# Manual changes might be lost - proceed with caution!

__metadata:
  version: 8
  cacheKey: 10c0

"@types/node@npm:^24.7.2":
  version: 24.10.0
  resolution: "@types/node@npm:24.10.0"
  dependencies:
    undici-types: "npm:~7.16.0"
  checksum: 10c0/f82ed7194e16f5590ef7afdc20c6d09068c76d50278b485ede8f0c5749683536e3064ffa8def8db76915196afb3724b854aa5723c64d6571b890b14492943b46
  languageName: node
  linkType: hard

"browser-extension@workspace:.":
  version: 0.0.0-use.local
  resolution: "browser-extension@workspace:."
  dependencies:
    "@types/node": "npm:^24.7.2"
  languageName: unknown
  linkType: soft

"undici-types@npm:~7.16.0":
  version: 7.16.0
  resolution: "undici-types@npm:7.16.0"
  checksum: 10c0/3033e2f2b5c9f1504bdc5934646cb54e37ecaca0f9249c983f7b1fc2e87c6d18399ebb05dc7fd5419e02b2e915f734d872a65da2e3eeed1813951c427d33cc9a
  languageName: node
  linkType: hard
