{
    "name": "eslint-plugin-twenty",
    "version": "0.0.1",
    "lockfileVersion": 3,
    "requires": true,
    "packages": {
        "": {
            "name": "eslint-plugin-twenty",
            "version": "0.0.1",
            "dependencies": {
                "postcss": "^8.4.24"
            }
        },
        "node_modules/nanoid": {
            "version": "3.3.6",
            "resolved": "https://registry.npmjs.org/nanoid/-/nanoid-3.3.6.tgz",
            "integrity": "sha512-BGcqMMJuToF7i1rt+2PWSNVnWIkGCU78jBG3RxO/bZlnZPK2Cmi2QaffxGO/2RvWi9sL+FAiRiXMgsyxQ1DIDA==",
            "funding": [
                {
                    "type": "github",
                    "url": "https://github.com/sponsors/ai"
                }
            ],
            "bin": {
                "nanoid": "bin/nanoid.cjs"
            },
            "engines": {
                "node": "^10 || ^12 || ^13.7 || ^14 || >=15.0.1"
            }
        },
        "node_modules/picocolors": {
            "version": "1.0.0",
            "resolved": "https://registry.npmjs.org/picocolors/-/picocolors-1.0.0.tgz",
            "integrity": "sha512-1fygroTLlHu66zi26VoTDv8yRgm0Fccecssto+MhsZ0D/DGW2sm8E8AjW7NU5VVTRt5GxbeZ5qBuJr+HyLYkjQ=="
        },
        "node_modules/postcss": {
            "version": "8.4.24",
            "resolved": "https://registry.npmjs.org/postcss/-/postcss-8.4.24.tgz",
            "integrity": "sha512-M0RzbcI0sO/XJNucsGjvWU9ERWxb/ytp1w6dKtxTKgixdtQDq4rmx/g8W1hnaheq9jgwL/oyEdH5Bc4WwJKMqg==",
            "funding": [
                {
                    "type": "opencollective",
                    "url": "https://opencollective.com/postcss/"
                },
                {
                    "type": "tidelift",
                    "url": "https://tidelift.com/funding/github/npm/postcss"
                },
                {
                    "type": "github",
                    "url": "https://github.com/sponsors/ai"
                }
            ],
            "dependencies": {
                "nanoid": "^3.3.6",
                "picocolors": "^1.0.0",
                "source-map-js": "^1.0.2"
            },
            "engines": {
                "node": "^10 || ^12 || >=14"
            }
        },
        "node_modules/source-map-js": {
            "version": "1.0.2",
            "resolved": "https://registry.npmjs.org/source-map-js/-/source-map-js-1.0.2.tgz",
            "integrity": "sha512-R0XvVJ9WusLiqTCEiGCmICCMplcCkIwwR11mOSD9CR5u+IXYdiseeEuXCVAjS54zqwkLcPNnmU4OeJ6tUrWhDw==",
            "engines": {
                "node": ">=0.10.0"
            }
        }
    }
}
