# This file is generated by running "yarn install" inside your project.
# Manual changes might be lost - proceed with caution!

__metadata:
  version: 8
  cacheKey: 10c0

"@oxlint/darwin-arm64@npm:0.16.12":
  version: 0.16.12
  resolution: "@oxlint/darwin-arm64@npm:0.16.12"
  conditions: os=darwin & cpu=arm64
  languageName: node
  linkType: hard

"@oxlint/darwin-x64@npm:0.16.12":
  version: 0.16.12
  resolution: "@oxlint/darwin-x64@npm:0.16.12"
  conditions: os=darwin & cpu=x64
  languageName: node
  linkType: hard

"@oxlint/linux-arm64-gnu@npm:0.16.12":
  version: 0.16.12
  resolution: "@oxlint/linux-arm64-gnu@npm:0.16.12"
  conditions: os=linux & cpu=arm64 & libc=glibc
  languageName: node
  linkType: hard

"@oxlint/linux-arm64-musl@npm:0.16.12":
  version: 0.16.12
  resolution: "@oxlint/linux-arm64-musl@npm:0.16.12"
  conditions: os=linux & cpu=arm64 & libc=musl
  languageName: node
  linkType: hard

"@oxlint/linux-x64-gnu@npm:0.16.12":
  version: 0.16.12
  resolution: "@oxlint/linux-x64-gnu@npm:0.16.12"
  conditions: os=linux & cpu=x64 & libc=glibc
  languageName: node
  linkType: hard

"@oxlint/linux-x64-musl@npm:0.16.12":
  version: 0.16.12
  resolution: "@oxlint/linux-x64-musl@npm:0.16.12"
  conditions: os=linux & cpu=x64 & libc=musl
  languageName: node
  linkType: hard

"@oxlint/win32-arm64@npm:0.16.12":
  version: 0.16.12
  resolution: "@oxlint/win32-arm64@npm:0.16.12"
  conditions: os=win32 & cpu=arm64
  languageName: node
  linkType: hard

"@oxlint/win32-x64@npm:0.16.12":
  version: 0.16.12
  resolution: "@oxlint/win32-x64@npm:0.16.12"
  conditions: os=win32 & cpu=x64
  languageName: node
  linkType: hard

"@types/node@npm:^24.7.2":
  version: 24.13.6
  resolution: "@types/node@npm:24.13.6"
  dependencies:
    undici-types: "npm:~7.18.0"
  checksum: 10c0/b6302b2ede891e3a583a6e9c75390e8bc0fb8a99ea81c61ed029c244426550f1508ebae4ba1acf32840fb22a7df461f1e87b449043a8f906240b31a090866c1a
  languageName: node
  linkType: hard

"@types/react@npm:^19.0.0":
  version: 19.3.0
  resolution: "@types/react@npm:19.3.0"
  dependencies:
    csstype: "npm:^3.2.2"
  checksum: 10c0/fbcabf303f935ca9f36ed2dcf81751cf84744098c5a683c8a62a0fa7edd31714b48d5c46b12fd0014f7f2dfe4d9ec6de428a850748eec719a70294e51029551b
  languageName: node
  linkType: hard

"csstype@npm:^3.2.2":
  version: 3.2.3
  resolution: "csstype@npm:3.2.3"
  checksum: 10c0/cd29c51e70fa822f1cecd8641a1445bed7063697469d35633b516e60fe8c1bde04b08f6c5b6022136bb669b64c63d4173af54864510fbb4ee23281801841a3ce
  languageName: node
  linkType: hard

"field-actions@workspace:.":
  version: 0.0.0-use.local
  resolution: "field-actions@workspace:."
  dependencies:
    "@types/node": "npm:^24.7.2"
    "@types/react": "npm:^19.0.0"
    oxlint: "npm:^0.16.0"
    react: "npm:^19.0.0"
    react-dom: "npm:^19.0.0"
    twenty-client-sdk: "link:../../../twenty-client-sdk"
    twenty-sdk: "link:../../../twenty-sdk"
    typescript: "npm:^5.9.3"
  languageName: unknown
  linkType: soft

"oxlint@npm:^0.16.0":
  version: 0.16.12
  resolution: "oxlint@npm:0.16.12"
  dependencies:
    "@oxlint/darwin-arm64": "npm:0.16.12"
    "@oxlint/darwin-x64": "npm:0.16.12"
    "@oxlint/linux-arm64-gnu": "npm:0.16.12"
    "@oxlint/linux-arm64-musl": "npm:0.16.12"
    "@oxlint/linux-x64-gnu": "npm:0.16.12"
    "@oxlint/linux-x64-musl": "npm:0.16.12"
    "@oxlint/win32-arm64": "npm:0.16.12"
    "@oxlint/win32-x64": "npm:0.16.12"
  dependenciesMeta:
    "@oxlint/darwin-arm64":
      optional: true
    "@oxlint/darwin-x64":
      optional: true
    "@oxlint/linux-arm64-gnu":
      optional: true
    "@oxlint/linux-arm64-musl":
      optional: true
    "@oxlint/linux-x64-gnu":
      optional: true
    "@oxlint/linux-x64-musl":
      optional: true
    "@oxlint/win32-arm64":
      optional: true
    "@oxlint/win32-x64":
      optional: true
  bin:
    oxc_language_server: bin/oxc_language_server
    oxlint: bin/oxlint
  checksum: 10c0/209c3484039c4f1fdd340689e81be93a70fdf74e8c111731e70d81580d223b0029439107c95fa4118cec3c9b03ba6c56624d3dcb8cdc79af222da3561122b3e7
  languageName: node
  linkType: hard

"react-dom@npm:^19.0.0":
  version: 19.3.0
  resolution: "react-dom@npm:19.3.0"
  dependencies:
    scheduler: "npm:^0.28.0"
  peerDependencies:
    react: ^19.3.0
  checksum: 10c0/c513044b724dd6bfe9500a9682d60973e7f8a48cffba00b6b16d3e910e27dcc459bf71bf0a5c33d7d62a3843ca30de1bd1e2098058aa4ed71f618a24b6061da5
  languageName: node
  linkType: hard

"react@npm:^19.0.0":
  version: 19.3.0
  resolution: "react@npm:19.3.0"
  checksum: 10c0/dd3099c3c43a7122bc01223bb26b0f8d5ba13cca569af6fb94a005fb54fa73223c9cb203bb226d40cfd49a82cbeef2e36ce84062a3a6d5b9fe8f4437694c7b52
  languageName: node
  linkType: hard

"scheduler@npm:^0.28.0":
  version: 0.28.0
  resolution: "scheduler@npm:0.28.0"
  checksum: 10c0/783c8e5ce89d41273a02ed6dc0e3d24bd60e05c9e8f7e3adfc6c82e7c69935500d90e343f1ee26d592fc7504e8a2532573c6368def3e93bfe812391fa53efaf4
  languageName: node
  linkType: hard

"twenty-client-sdk@link:../../../twenty-client-sdk::locator=field-actions%40workspace%3A.":
  version: 0.0.0-use.local
  resolution: "twenty-client-sdk@link:../../../twenty-client-sdk::locator=field-actions%40workspace%3A."
  languageName: node
  linkType: soft

"twenty-sdk@link:../../../twenty-sdk::locator=field-actions%40workspace%3A.":
  version: 0.0.0-use.local
  resolution: "twenty-sdk@link:../../../twenty-sdk::locator=field-actions%40workspace%3A."
  languageName: node
  linkType: soft

"typescript@npm:^5.9.3":
  version: 5.9.3
  resolution: "typescript@npm:5.9.3"
  bin:
    tsc: bin/tsc
    tsserver: bin/tsserver
  checksum: 10c0/6bd7552ce39f97e711db5aa048f6f9995b53f1c52f7d8667c1abdc1700c68a76a308f579cd309ce6b53646deb4e9a1be7c813a93baaf0a28ccd536a30270e1c5
  languageName: node
  linkType: hard

"typescript@patch:typescript@npm%3A^5.9.3#optional!builtin<compat/typescript>":
  version: 5.9.3
  resolution: "typescript@patch:typescript@npm%3A5.9.3#optional!builtin<compat/typescript>::version=5.9.3&hash=5786d5"
  bin:
    tsc: bin/tsc
    tsserver: bin/tsserver
  checksum: 10c0/ad09fdf7a756814dce65bc60c1657b40d44451346858eea230e10f2e95a289d9183b6e32e5c11e95acc0ccc214b4f36289dcad4bf1886b0adb84d711d336a430
  languageName: node
  linkType: hard

"undici-types@npm:~7.18.0":
  version: 7.18.2
  resolution: "undici-types@npm:7.18.2"
  checksum: 10c0/85a79189113a238959d7a647368e4f7c5559c3a404ebdb8fc4488145ce9426fcd82252a844a302798dfc0e37e6fb178ff481ed03bc4caf634c5757d9ef43521d
  languageName: node
  linkType: hard
